
Microsoft Visual Studio Solution File, Format Version 12.00
# Visual Studio 15
VisualStudioVersion = 15.0.28307.329
MinimumVisualStudioVersion = 10.0.40219.1
Project("{8BC9CEB8-8B4A-11D0-8D11-00A0C91BC942}") = "vs_30_import_code_v2", "vs_30_import_code_v2\vs_30_import_code_v2.vcxproj", "{77CDEE57-C628-4E6C-AE9C-5FDA8ADFFDFB}"
EndProject
Global
	GlobalSection(SolutionConfigurationPlatforms) = preSolution
		Debug|x64 = Debug|x64
		Debug|x86 = Debug|x86
		Release|x64 = Release|x64
		Release|x86 = Release|x86
	EndGlobalSection
	GlobalSection(ProjectConfigurationPlatforms) = postSolution
		{77CDEE57-C628-4E6C-AE9C-5FDA8ADFFDFB}.Debug|x64.ActiveCfg = Debug|x64
		{77CDEE57-C628-4E6C-AE9C-5FDA8ADFFDFB}.Debug|x64.Build.0 = Debug|x64
		{77CDEE57-C628-4E6C-AE9C-5FDA8ADFFDFB}.Debug|x86.ActiveCfg = Debug|Win32
		{77CDEE57-C628-4E6C-AE9C-5FDA8ADFFDFB}.Debug|x86.Build.0 = Debug|Win32
		{77CDEE57-C628-4E6C-AE9C-5FDA8ADFFDFB}.Release|x64.ActiveCfg = Release|x64
		{77CDEE57-C628-4E6C-AE9C-5FDA8ADFFDFB}.Release|x64.Build.0 = Release|x64
		{77CDEE57-C628-4E6C-AE9C-5FDA8ADFFDFB}.Release|x86.ActiveCfg = Release|Win32
		{77CDEE57-C628-4E6C-AE9C-5FDA8ADFFDFB}.Release|x86.Build.0 = Release|Win32
	EndGlobalSection
	GlobalSection(SolutionProperties) = preSolution
		HideSolutionNode = FALSE
	EndGlobalSection
	GlobalSection(ExtensibilityGlobals) = postSolution
		SolutionGuid = {C15B490D-0AE9-4FF7-A055-C8607AFB1C67}
	EndGlobalSection
EndGlobal
